
Microsoft Visual Studio Solution File, Format Version 12.00
# Visual Studio Version 17
VisualStudioVersion = 17.7.34024.191
MinimumVisualStudioVersion = 10.0.40219.1
Project("{FAE04EC0-301F-11D3-BF4B-00C04F79EFBC}") = "TarefasAPI", "TarefasAPI\TarefasAPI.csproj", "{ADB16583-BE20-4170-B91D-55FAA5DA58A4}"
EndProject
Global
	GlobalSection(SolutionConfigurationPlatforms) = preSolution
		Debug|Any CPU = Debug|Any CPU
		Release|Any CPU = Release|Any CPU
	EndGlobalSection
	GlobalSection(ProjectConfigurationPlatforms) = postSolution
		{ADB16583-BE20-4170-B91D-55FAA5DA58A4}.Debug|Any CPU.ActiveCfg = Debug|Any CPU
		{ADB16583-BE20-4170-B91D-55FAA5DA58A4}.Debug|Any CPU.Build.0 = Debug|Any CPU
		{ADB16583-BE20-4170-B91D-55FAA5DA58A4}.Release|Any CPU.ActiveCfg = Release|Any CPU
		{ADB16583-BE20-4170-B91D-55FAA5DA58A4}.Release|Any CPU.Build.0 = Release|Any CPU
	EndGlobalSection
	GlobalSection(SolutionProperties) = preSolution
		HideSolutionNode = FALSE
	EndGlobalSection
	GlobalSection(ExtensibilityGlobals) = postSolution
		SolutionGuid = {0640E34C-0FC8-44E9-A1C4-77F79DE14AC8}
	EndGlobalSection
EndGlobal
